
Microsoft Visual Studio Solution File, Format Version 12.00
# Visual Studio Version 17
VisualStudioVersion = 17.11.35327.3
MinimumVisualStudioVersion = 10.0.40219.1
Project("{FAE04EC0-301F-11D3-BF4B-00C04F79EFBC}") = "Infrastructure", "Infrastructure\Infrastructure.csproj", "{BE2A83CF-DD70-4247-B361-825842F192D8}"
EndProject
Project("{FAE04EC0-301F-11D3-BF4B-00C04F79EFBC}") = "Domain", "Domain\Domain.csproj", "{819C0842-4DBD-4273-858C-26AF9230D24B}"
EndProject
Project("{FAE04EC0-301F-11D3-BF4B-00C04F79EFBC}") = "Application", "Application\Application.csproj", "{944EAFD3-4C66-4A7C-90FD-72274EFAC99B}"
EndProject
Project("{FAE04EC0-301F-11D3-BF4B-00C04F79EFBC}") = "Presentation", "Presentation\Presentation.csproj", "{9C07EE3A-81BA-4AB5-AD54-0877CE34FCFC}"
EndProject
Project("{FAE04EC0-301F-11D3-BF4B-00C04F79EFBC}") = "Presentation.Test", "Presentation.Test\Presentation.Test.csproj", "{4B7C78D8-AD14-4F7A-A382-D9D8DE1D2C89}"
EndProject
Project("{FAE04EC0-301F-11D3-BF4B-00C04F79EFBC}") = "Application.Test", "Application.Test\Application.Test.csproj", "{E3FEDED1-F8F5-4C75-8356-5BD4730175D7}"
EndProject
Global
	GlobalSection(SolutionConfigurationPlatforms) = preSolution
		Debug|Any CPU = Debug|Any CPU
		Release|Any CPU = Release|Any CPU
	EndGlobalSection
	GlobalSection(ProjectConfigurationPlatforms) = postSolution
		{BE2A83CF-DD70-4247-B361-825842F192D8}.Debug|Any CPU.ActiveCfg = Debug|Any CPU
		{BE2A83CF-DD70-4247-B361-825842F192D8}.Debug|Any CPU.Build.0 = Debug|Any CPU
		{BE2A83CF-DD70-4247-B361-825842F192D8}.Release|Any CPU.ActiveCfg = Release|Any CPU
		{BE2A83CF-DD70-4247-B361-825842F192D8}.Release|Any CPU.Build.0 = Release|Any CPU
		{819C0842-4DBD-4273-858C-26AF9230D24B}.Debug|Any CPU.ActiveCfg = Debug|Any CPU
		{819C0842-4DBD-4273-858C-26AF9230D24B}.Debug|Any CPU.Build.0 = Debug|Any CPU
		{819C0842-4DBD-4273-858C-26AF9230D24B}.Release|Any CPU.ActiveCfg = Release|Any CPU
		{819C0842-4DBD-4273-858C-26AF9230D24B}.Release|Any CPU.Build.0 = Release|Any CPU
		{944EAFD3-4C66-4A7C-90FD-72274EFAC99B}.Debug|Any CPU.ActiveCfg = Debug|Any CPU
		{944EAFD3-4C66-4A7C-90FD-72274EFAC99B}.Debug|Any CPU.Build.0 = Debug|Any CPU
		{944EAFD3-4C66-4A7C-90FD-72274EFAC99B}.Release|Any CPU.ActiveCfg = Release|Any CPU
		{944EAFD3-4C66-4A7C-90FD-72274EFAC99B}.Release|Any CPU.Build.0 = Release|Any CPU
		{9C07EE3A-81BA-4AB5-AD54-0877CE34FCFC}.Debug|Any CPU.ActiveCfg = Debug|Any CPU
		{9C07EE3A-81BA-4AB5-AD54-0877CE34FCFC}.Debug|Any CPU.Build.0 = Debug|Any CPU
		{9C07EE3A-81BA-4AB5-AD54-0877CE34FCFC}.Release|Any CPU.ActiveCfg = Release|Any CPU
		{9C07EE3A-81BA-4AB5-AD54-0877CE34FCFC}.Release|Any CPU.Build.0 = Release|Any CPU
		{4B7C78D8-AD14-4F7A-A382-D9D8DE1D2C89}.Debug|Any CPU.ActiveCfg = Debug|Any CPU
		{4B7C78D8-AD14-4F7A-A382-D9D8DE1D2C89}.Debug|Any CPU.Build.0 = Debug|Any CPU
		{4B7C78D8-AD14-4F7A-A382-D9D8DE1D2C89}.Release|Any CPU.ActiveCfg = Release|Any CPU
		{4B7C78D8-AD14-4F7A-A382-D9D8DE1D2C89}.Release|Any CPU.Build.0 = Release|Any CPU
		{E3FEDED1-F8F5-4C75-8356-5BD4730175D7}.Debug|Any CPU.ActiveCfg = Debug|Any CPU
		{E3FEDED1-F8F5-4C75-8356-5BD4730175D7}.Debug|Any CPU.Build.0 = Debug|Any CPU
		{E3FEDED1-F8F5-4C75-8356-5BD4730175D7}.Release|Any CPU.ActiveCfg = Release|Any CPU
		{E3FEDED1-F8F5-4C75-8356-5BD4730175D7}.Release|Any CPU.Build.0 = Release|Any CPU
	EndGlobalSection
	GlobalSection(SolutionProperties) = preSolution
		HideSolutionNode = FALSE
	EndGlobalSection
EndGlobal
